// !$*UTF8*$!
{
	archiveVersion = 1;
	classes = {
	};
	objectVersion = 56;
	objects = {

/* Begin PBXBuildFile section */
		770C510C2ABC44DD009005AF /* FruitHeadView.swift in Sources */ = {isa = PBXBuildFile; fileRef = 770C510B2ABC44DD009005AF /* FruitHeadView.swift */; };
		770C510E2ABC51EC009005AF /* SourceLinkView.swift in Sources */ = {isa = PBXBuildFile; fileRef = 770C510D2ABC51EC009005AF /* SourceLinkView.swift */; };
		774DF4562AB855F800682B21 /* FruitRowView.swift in Sources */ = {isa = PBXBuildFile; fileRef = 774DF4552AB855F800682B21 /* FruitRowView.swift */; };
		7762BE752ABD982700737468 /* FruitNutrientsView.swift in Sources */ = {isa = PBXBuildFile; fileRef = 7762BE742ABD982700737468 /* FruitNutrientsView.swift */; };
		7762BE772ABDA04400737468 /* SettingsScreen.swift in Sources */ = {isa = PBXBuildFile; fileRef = 7762BE762ABDA04400737468 /* SettingsScreen.swift */; };
		777C6F402AA096C40074C59C /* FructusApp.swift in Sources */ = {isa = PBXBuildFile; fileRef = 777C6F3F2AA096C40074C59C /* FructusApp.swift */; };
		777C6F422AA096C40074C59C /* FruitListScreen.swift in Sources */ = {isa = PBXBuildFile; fileRef = 777C6F412AA096C40074C59C /* FruitListScreen.swift */; };
		777C6F442AA096C60074C59C /* Assets.xcassets in Resources */ = {isa = PBXBuildFile; fileRef = 777C6F432AA096C60074C59C /* Assets.xcassets */; };
		777C6F472AA096C60074C59C /* Preview Assets.xcassets in Resources */ = {isa = PBXBuildFile; fileRef = 777C6F462AA096C60074C59C /* Preview Assets.xcassets */; };
		777C6F502AA09A0F0074C59C /* FruitCardView.swift in Sources */ = {isa = PBXBuildFile; fileRef = 777C6F4F2AA09A0F0074C59C /* FruitCardView.swift */; };
		777C6F522AA09DE60074C59C /* StartButtonView.swift in Sources */ = {isa = PBXBuildFile; fileRef = 777C6F512AA09DE60074C59C /* StartButtonView.swift */; };
		777C6F542AA0A16B0074C59C /* OnboardingScreen.swift in Sources */ = {isa = PBXBuildFile; fileRef = 777C6F532AA0A16B0074C59C /* OnboardingScreen.swift */; };
		77C395292AB9A60A007BB194 /* FruitDetailScreen.swift in Sources */ = {isa = PBXBuildFile; fileRef = 77C395282AB9A60A007BB194 /* FruitDetailScreen.swift */; };
		7AF2C1EA2AA5E62B00B6F8EF /* Fruit.swift in Sources */ = {isa = PBXBuildFile; fileRef = 7AF2C1E92AA5E62B00B6F8EF /* Fruit.swift */; };
		7AF2C1ED2AA5E6DD00B6F8EF /* FruitData.swift in Sources */ = {isa = PBXBuildFile; fileRef = 7AF2C1EC2AA5E6DD00B6F8EF /* FruitData.swift */; };
/* End PBXBuildFile section */

/* Begin PBXFileReference section */
		770C510B2ABC44DD009005AF /* FruitHeadView.swift */ = {isa = PBXFileReference; lastKnownFileType = sourcecode.swift; path = FruitHeadView.swift; sourceTree = "<group>"; };
		770C510D2ABC51EC009005AF /* SourceLinkView.swift */ = {isa = PBXFileReference; lastKnownFileType = sourcecode.swift; path = SourceLinkView.swift; sourceTree = "<group>"; };
		774DF4552AB855F800682B21 /* FruitRowView.swift */ = {isa = PBXFileReference; lastKnownFileType = sourcecode.swift; path = FruitRowView.swift; sourceTree = "<group>"; };
		7762BE742ABD982700737468 /* FruitNutrientsView.swift */ = {isa = PBXFileReference; lastKnownFileType = sourcecode.swift; path = FruitNutrientsView.swift; sourceTree = "<group>"; };
		7762BE762ABDA04400737468 /* SettingsScreen.swift */ = {isa = PBXFileReference; lastKnownFileType = sourcecode.swift; path = SettingsScreen.swift; sourceTree = "<group>"; };
		777C6F3C2AA096C40074C59C /* Fructus.app */ = {isa = PBXFileReference; explicitFileType = wrapper.application; includeInIndex = 0; path = Fructus.app; sourceTree = BUILT_PRODUCTS_DIR; };
		777C6F3F2AA096C40074C59C /* FructusApp.swift */ = {isa = PBXFileReference; lastKnownFileType = sourcecode.swift; path = FructusApp.swift; sourceTree = "<group>"; };
		777C6F412AA096C40074C59C /* FruitListScreen.swift */ = {isa = PBXFileReference; lastKnownFileType = sourcecode.swift; path = FruitListScreen.swift; sourceTree = "<group>"; };
		777C6F432AA096C60074C59C /* Assets.xcassets */ = {isa = PBXFileReference; lastKnownFileType = folder.assetcatalog; path = Assets.xcassets; sourceTree = "<group>"; };
		777C6F462AA096C60074C59C /* Preview Assets.xcassets */ = {isa = PBXFileReference; lastKnownFileType = folder.assetcatalog; path = "Preview Assets.xcassets"; sourceTree = "<group>"; };
		777C6F4F2AA09A0F0074C59C /* FruitCardView.swift */ = {isa = PBXFileReference; lastKnownFileType = sourcecode.swift; path = FruitCardView.swift; sourceTree = "<group>"; };
		777C6F512AA09DE60074C59C /* StartButtonView.swift */ = {isa = PBXFileReference; lastKnownFileType = sourcecode.swift; path = StartButtonView.swift; sourceTree = "<group>"; };
		777C6F532AA0A16B0074C59C /* OnboardingScreen.swift */ = {isa = PBXFileReference; lastKnownFileType = sourcecode.swift; path = OnboardingScreen.swift; sourceTree = "<group>"; };
		77C395282AB9A60A007BB194 /* FruitDetailScreen.swift */ = {isa = PBXFileReference; lastKnownFileType = sourcecode.swift; path = FruitDetailScreen.swift; sourceTree = "<group>"; };
		7AF2C1E92AA5E62B00B6F8EF /* Fruit.swift */ = {isa = PBXFileReference; lastKnownFileType = sourcecode.swift; path = Fruit.swift; sourceTree = "<group>"; };
		7AF2C1EC2AA5E6DD00B6F8EF /* FruitData.swift */ = {isa = PBXFileReference; lastKnownFileType = sourcecode.swift; path = FruitData.swift; sourceTree = "<group>"; };
/* End PBXFileReference section */

/* Begin PBXFrameworksBuildPhase section */
		777C6F392AA096C40074C59C /* Frameworks */ = {
			isa = PBXFrameworksBuildPhase;
			buildActionMask = 2147483647;
			files = (
			);
			runOnlyForDeploymentPostprocessing = 0;
		};
/* End PBXFrameworksBuildPhase section */

/* Begin PBXGroup section */
		777C6F332AA096C40074C59C = {
			isa = PBXGroup;
			children = (
				777C6F3E2AA096C40074C59C /* Fructus */,
				777C6F3D2AA096C40074C59C /* Products */,
			);
			sourceTree = "<group>";
		};
		777C6F3D2AA096C40074C59C /* Products */ = {
			isa = PBXGroup;
			children = (
				777C6F3C2AA096C40074C59C /* Fructus.app */,
			);
			name = Products;
			sourceTree = "<group>";
		};
		777C6F3E2AA096C40074C59C /* Fructus */ = {
			isa = PBXGroup;
			children = (
				77C395272AB9A5BD007BB194 /* Screen */,
				7AF2C1EB2AA5E6CC00B6F8EF /* Data */,
				7AF2C1E82AA5E61E00B6F8EF /* Model */,
				777C6F4E2AA099D40074C59C /* View */,
				777C6F4D2AA099A30074C59C /* App */,
				777C6F432AA096C60074C59C /* Assets.xcassets */,
				777C6F452AA096C60074C59C /* Preview Content */,
			);
			path = Fructus;
			sourceTree = "<group>";
		};
		777C6F452AA096C60074C59C /* Preview Content */ = {
			isa = PBXGroup;
			children = (
				777C6F462AA096C60074C59C /* Preview Assets.xcassets */,
			);
			path = "Preview Content";
			sourceTree = "<group>";
		};
		777C6F4D2AA099A30074C59C /* App */ = {
			isa = PBXGroup;
			children = (
				777C6F3F2AA096C40074C59C /* FructusApp.swift */,
			);
			path = App;
			sourceTree = "<group>";
		};
		777C6F4E2AA099D40074C59C /* View */ = {
			isa = PBXGroup;
			children = (
				777C6F4F2AA09A0F0074C59C /* FruitCardView.swift */,
				777C6F512AA09DE60074C59C /* StartButtonView.swift */,
				774DF4552AB855F800682B21 /* FruitRowView.swift */,
				770C510B2ABC44DD009005AF /* FruitHeadView.swift */,
				770C510D2ABC51EC009005AF /* SourceLinkView.swift */,
				7762BE742ABD982700737468 /* FruitNutrientsView.swift */,
			);
			path = View;
			sourceTree = "<group>";
		};
		77C395272AB9A5BD007BB194 /* Screen */ = {
			isa = PBXGroup;
			children = (
				777C6F412AA096C40074C59C /* FruitListScreen.swift */,
				777C6F532AA0A16B0074C59C /* OnboardingScreen.swift */,
				77C395282AB9A60A007BB194 /* FruitDetailScreen.swift */,
				7762BE762ABDA04400737468 /* SettingsScreen.swift */,
			);
			path = Screen;
			sourceTree = "<group>";
		};
		7AF2C1E82AA5E61E00B6F8EF /* Model */ = {
			isa = PBXGroup;
			children = (
				7AF2C1E92AA5E62B00B6F8EF /* Fruit.swift */,
			);
			path = Model;
			sourceTree = "<group>";
		};
		7AF2C1EB2AA5E6CC00B6F8EF /* Data */ = {
			isa = PBXGroup;
			children = (
				7AF2C1EC2AA5E6DD00B6F8EF /* FruitData.swift */,
			);
			path = Data;
			sourceTree = "<group>";
		};
/* End PBXGroup section */

/* Begin PBXNativeTarget section */
		777C6F3B2AA096C40074C59C /* Fructus */ = {
			isa = PBXNativeTarget;
			buildConfigurationList = 777C6F4A2AA096C60074C59C /* Build configuration list for PBXNativeTarget "Fructus" */;
			buildPhases = (
				777C6F382AA096C40074C59C /* Sources */,
				777C6F392AA096C40074C59C /* Frameworks */,
				777C6F3A2AA096C40074C59C /* Resources */,
			);
			buildRules = (
			);
			dependencies = (
			);
			name = Fructus;
			productName = Fructus;
			productReference = 777C6F3C2AA096C40074C59C /* Fructus.app */;
			productType = "com.apple.product-type.application";
		};
/* End PBXNativeTarget section */

/* Begin PBXProject section */
		777C6F342AA096C40074C59C /* Project object */ = {
			isa = PBXProject;
			attributes = {
				BuildIndependentTargetsInParallel = 1;
				LastSwiftUpdateCheck = 1400;
				LastUpgradeCheck = 1400;
				TargetAttributes = {
					777C6F3B2AA096C40074C59C = {
						CreatedOnToolsVersion = 14.0;
					};
				};
			};
			buildConfigurationList = 777C6F372AA096C40074C59C /* Build configuration list for PBXProject "Fructus" */;
			compatibilityVersion = "Xcode 14.0";
			developmentRegion = en;
			hasScannedForEncodings = 0;
			knownRegions = (
				en,
				Base,
			);
			mainGroup = 777C6F332AA096C40074C59C;
			productRefGroup = 777C6F3D2AA096C40074C59C /* Products */;
			projectDirPath = "";
			projectRoot = "";
			targets = (
				777C6F3B2AA096C40074C59C /* Fructus */,
			);
		};
/* End PBXProject section */

/* Begin PBXResourcesBuildPhase section */
		777C6F3A2AA096C40074C59C /* Resources */ = {
			isa = PBXResourcesBuildPhase;
			buildActionMask = 2147483647;
			files = (
				777C6F472AA096C60074C59C /* Preview Assets.xcassets in Resources */,
				777C6F442AA096C60074C59C /* Assets.xcassets in Resources */,
			);
			runOnlyForDeploymentPostprocessing = 0;
		};
/* End PBXResourcesBuildPhase section */

/* Begin PBXSourcesBuildPhase section */
		777C6F382AA096C40074C59C /* Sources */ = {
			isa = PBXSourcesBuildPhase;
			buildActionMask = 2147483647;
			files = (
				7AF2C1ED2AA5E6DD00B6F8EF /* FruitData.swift in Sources */,
				770C510E2ABC51EC009005AF /* SourceLinkView.swift in Sources */,
				777C6F502AA09A0F0074C59C /* FruitCardView.swift in Sources */,
				774DF4562AB855F800682B21 /* FruitRowView.swift in Sources */,
				7762BE752ABD982700737468 /* FruitNutrientsView.swift in Sources */,
				777C6F522AA09DE60074C59C /* StartButtonView.swift in Sources */,
				777C6F422AA096C40074C59C /* FruitListScreen.swift in Sources */,
				7762BE772ABDA04400737468 /* SettingsScreen.swift in Sources */,
				777C6F542AA0A16B0074C59C /* OnboardingScreen.swift in Sources */,
				77C395292AB9A60A007BB194 /* FruitDetailScreen.swift in Sources */,
				770C510C2ABC44DD009005AF /* FruitHeadView.swift in Sources */,
				7AF2C1EA2AA5E62B00B6F8EF /* Fruit.swift in Sources */,
				777C6F402AA096C40074C59C /* FructusApp.swift in Sources */,
			);
			runOnlyForDeploymentPostprocessing = 0;
		};
/* End PBXSourcesBuildPhase section */

/* Begin XCBuildConfiguration section */
		777C6F482AA096C60074C59C /* Debug */ = {
			isa = XCBuildConfiguration;
			buildSettings = {
				ALWAYS_SEARCH_USER_PATHS = NO;
				CLANG_ANALYZER_NONNULL = YES;
				CLANG_ANALYZER_NUMBER_OBJECT_CONVERSION = YES_AGGRESSIVE;
				CLANG_CXX_LANGUAGE_STANDARD = "gnu++20";
				CLANG_ENABLE_MODULES = YES;
				CLANG_ENABLE_OBJC_ARC = YES;
				CLANG_ENABLE_OBJC_WEAK = YES;
				CLANG_WARN_BLOCK_CAPTURE_AUTORELEASING = YES;
				CLANG_WARN_BOOL_CONVERSION = YES;
				CLANG_WARN_COMMA = YES;
				CLANG_WARN_CONSTANT_CONVERSION = YES;
				CLANG_WARN_DEPRECATED_OBJC_IMPLEMENTATIONS = YES;
				CLANG_WARN_DIRECT_OBJC_ISA_USAGE = YES_ERROR;
				CLANG_WARN_DOCUMENTATION_COMMENTS = YES;
				CLANG_WARN_EMPTY_BODY = YES;
				CLANG_WARN_ENUM_CONVERSION = YES;
				CLANG_WARN_INFINITE_RECURSION = YES;
				CLANG_WARN_INT_CONVERSION = YES;
				CLANG_WARN_NON_LITERAL_NULL_CONVERSION = YES;
				CLANG_WARN_OBJC_IMPLICIT_RETAIN_SELF = YES;
				CLANG_WARN_OBJC_LITERAL_CONVERSION = YES;
				CLANG_WARN_OBJC_ROOT_CLASS = YES_ERROR;
				CLANG_WARN_QUOTED_INCLUDE_IN_FRAMEWORK_HEADER = YES;
				CLANG_WARN_RANGE_LOOP_ANALYSIS = YES;
				CLANG_WARN_STRICT_PROTOTYPES = YES;
				CLANG_WARN_SUSPICIOUS_MOVE = YES;
				CLANG_WARN_UNGUARDED_AVAILABILITY = YES_AGGRESSIVE;
				CLANG_WARN_UNREACHABLE_CODE = YES;
				CLANG_WARN__DUPLICATE_METHOD_MATCH = YES;
				COPY_PHASE_STRIP = NO;
				DEBUG_INFORMATION_FORMAT = dwarf;
				ENABLE_STRICT_OBJC_MSGSEND = YES;
				ENABLE_TESTABILITY = YES;
				GCC_C_LANGUAGE_STANDARD = gnu11;
				GCC_DYNAMIC_NO_PIC = NO;
				GCC_NO_COMMON_BLOCKS = YES;
				GCC_OPTIMIZATION_LEVEL = 0;
				GCC_PREPROCESSOR_DEFINITIONS = (
					"DEBUG=1",
					"$(inherited)",
				);
				GCC_WARN_64_TO_32_BIT_CONVERSION = YES;
				GCC_WARN_ABOUT_RETURN_TYPE = YES_ERROR;
				GCC_WARN_UNDECLARED_SELECTOR = YES;
				GCC_WARN_UNINITIALIZED_AUTOS = YES_AGGRESSIVE;
				GCC_WARN_UNUSED_FUNCTION = YES;
				GCC_WARN_UNUSED_VARIABLE = YES;
				IPHONEOS_DEPLOYMENT_TARGET = 16.0;
				MTL_ENABLE_DEBUG_INFO = INCLUDE_SOURCE;
				MTL_FAST_MATH = YES;
				ONLY_ACTIVE_ARCH = YES;
				SDKROOT = iphoneos;
				SWIFT_ACTIVE_COMPILATION_CONDITIONS = DEBUG;
				SWIFT_OPTIMIZATION_LEVEL = "-Onone";
			};
			name = Debug;
		};
		777C6F492AA096C60074C59C /* Release */ = {
			isa = XCBuildConfiguration;
			buildSettings = {
				ALWAYS_SEARCH_USER_PATHS = NO;
				CLANG_ANALYZER_NONNULL = YES;
				CLANG_ANALYZER_NUMBER_OBJECT_CONVERSION = YES_AGGRESSIVE;
				CLANG_CXX_LANGUAGE_STANDARD = "gnu++20";
				CLANG_ENABLE_MODULES = YES;
				CLANG_ENABLE_OBJC_ARC = YES;
				CLANG_ENABLE_OBJC_WEAK = YES;
				CLANG_WARN_BLOCK_CAPTURE_AUTORELEASING = YES;
				CLANG_WARN_BOOL_CONVERSION = YES;
				CLANG_WARN_COMMA = YES;
				CLANG_WARN_CONSTANT_CONVERSION = YES;
				CLANG_WARN_DEPRECATED_OBJC_IMPLEMENTATIONS = YES;
				CLANG_WARN_DIRECT_OBJC_ISA_USAGE = YES_ERROR;
				CLANG_WARN_DOCUMENTATION_COMMENTS = YES;
				CLANG_WARN_EMPTY_BODY = YES;
				CLANG_WARN_ENUM_CONVERSION = YES;
				CLANG_WARN_INFINITE_RECURSION = YES;
				CLANG_WARN_INT_CONVERSION = YES;
				CLANG_WARN_NON_LITERAL_NULL_CONVERSION = YES;
				CLANG_WARN_OBJC_IMPLICIT_RETAIN_SELF = YES;
				CLANG_WARN_OBJC_LITERAL_CONVERSION = YES;
				CLANG_WARN_OBJC_ROOT_CLASS = YES_ERROR;
				CLANG_WARN_QUOTED_INCLUDE_IN_FRAMEWORK_HEADER = YES;
				CLANG_WARN_RANGE_LOOP_ANALYSIS = YES;
				CLANG_WARN_STRICT_PROTOTYPES = YES;
				CLANG_WARN_SUSPICIOUS_MOVE = YES;
				CLANG_WARN_UNGUARDED_AVAILABILITY = YES_AGGRESSIVE;
				CLANG_WARN_UNREACHABLE_CODE = YES;
				CLANG_WARN__DUPLICATE_METHOD_MATCH = YES;
				COPY_PHASE_STRIP = NO;
				DEBUG_INFORMATION_FORMAT = "dwarf-with-dsym";
				ENABLE_NS_ASSERTIONS = NO;
				ENABLE_STRICT_OBJC_MSGSEND = YES;
				GCC_C_LANGUAGE_STANDARD = gnu11;
				GCC_NO_COMMON_BLOCKS = YES;
				GCC_WARN_64_TO_32_BIT_CONVERSION = YES;
				GCC_WARN_ABOUT_RETURN_TYPE = YES_ERROR;
				GCC_WARN_UNDECLARED_SELECTOR = YES;
				GCC_WARN_UNINITIALIZED_AUTOS = YES_AGGRESSIVE;
				GCC_WARN_UNUSED_FUNCTION = YES;
				GCC_WARN_UNUSED_VARIABLE = YES;
				IPHONEOS_DEPLOYMENT_TARGET = 16.0;
				MTL_ENABLE_DEBUG_INFO = NO;
				MTL_FAST_MATH = YES;
				SDKROOT = iphoneos;
				SWIFT_COMPILATION_MODE = wholemodule;
				SWIFT_OPTIMIZATION_LEVEL = "-O";
				VALIDATE_PRODUCT = YES;
			};
			name = Release;
		};
		777C6F4B2AA096C60074C59C /* Debug */ = {
			isa = XCBuildConfiguration;
			buildSettings = {
				ASSETCATALOG_COMPILER_APPICON_NAME = AppIcon;
				ASSETCATALOG_COMPILER_GLOBAL_ACCENT_COLOR_NAME = AccentColor;
				CODE_SIGN_STYLE = Automatic;
				CURRENT_PROJECT_VERSION = 1;
				DEVELOPMENT_ASSET_PATHS = "\"Fructus/Preview Content\"";
				DEVELOPMENT_TEAM = HFZ85PQ8J7;
				ENABLE_PREVIEWS = YES;
				GENERATE_INFOPLIST_FILE = YES;
				INFOPLIST_KEY_UIApplicationSceneManifest_Generation = YES;
				INFOPLIST_KEY_UIApplicationSupportsIndirectInputEvents = YES;
				INFOPLIST_KEY_UILaunchScreen_Generation = YES;
				INFOPLIST_KEY_UISupportedInterfaceOrientations = UIInterfaceOrientationPortrait;
				LD_RUNPATH_SEARCH_PATHS = (
					"$(inherited)",
					"@executable_path/Frameworks",
				);
				MARKETING_VERSION = 1.0;
				PRODUCT_BUNDLE_IDENTIFIER = dinhonms.FructusApp;
				PRODUCT_NAME = "$(TARGET_NAME)";
				SWIFT_EMIT_LOC_STRINGS = YES;
				SWIFT_VERSION = 5.0;
				TARGETED_DEVICE_FAMILY = "1,2";
			};
			name = Debug;
		};
		777C6F4C2AA096C60074C59C /* Release */ = {
			isa = XCBuildConfiguration;
			buildSettings = {
				ASSETCATALOG_COMPILER_APPICON_NAME = AppIcon;
				ASSETCATALOG_COMPILER_GLOBAL_ACCENT_COLOR_NAME = AccentColor;
				CODE_SIGN_STYLE = Automatic;
				CURRENT_PROJECT_VERSION = 1;
				DEVELOPMENT_ASSET_PATHS = "\"Fructus/Preview Content\"";
				DEVELOPMENT_TEAM = HFZ85PQ8J7;
				ENABLE_PREVIEWS = YES;
				GENERATE_INFOPLIST_FILE = YES;
				INFOPLIST_KEY_UIApplicationSceneManifest_Generation = YES;
				INFOPLIST_KEY_UIApplicationSupportsIndirectInputEvents = YES;
				INFOPLIST_KEY_UILaunchScreen_Generation = YES;
				INFOPLIST_KEY_UISupportedInterfaceOrientations = UIInterfaceOrientationPortrait;
				LD_RUNPATH_SEARCH_PATHS = (
					"$(inherited)",
					"@executable_path/Frameworks",
				);
				MARKETING_VERSION = 1.0;
				PRODUCT_BUNDLE_IDENTIFIER = dinhonms.FructusApp;
				PRODUCT_NAME = "$(TARGET_NAME)";
				SWIFT_EMIT_LOC_STRINGS = YES;
				SWIFT_VERSION = 5.0;
				TARGETED_DEVICE_FAMILY = "1,2";
			};
			name = Release;
		};
/* End XCBuildConfiguration section */

/* Begin XCConfigurationList section */
		777C6F372AA096C40074C59C /* Build configuration list for PBXProject "Fructus" */ = {
			isa = XCConfigurationList;
			buildConfigurations = (
				777C6F482AA096C60074C59C /* Debug */,
				777C6F492AA096C60074C59C /* Release */,
			);
			defaultConfigurationIsVisible = 0;
			defaultConfigurationName = Release;
		};
		777C6F4A2AA096C60074C59C /* Build configuration list for PBXNativeTarget "Fructus" */ = {
			isa = XCConfigurationList;
			buildConfigurations = (
				777C6F4B2AA096C60074C59C /* Debug */,
				777C6F4C2AA096C60074C59C /* Release */,
			);
			defaultConfigurationIsVisible = 0;
			defaultConfigurationName = Release;
		};
/* End XCConfigurationList section */
	};
	rootObject = 777C6F342AA096C40074C59C /* Project object */;
}
